4d63.com/gochecknoglobals v0.0.0-20201008074935-acfc0b28355a h1:wFEQiK85fRsEVF0CRrPAos5LoAryUsIX1kPW/WrIqFw=
4d63.com/gochecknoglobals v0.0.0-20201008074935-acfc0b28355a/go.mod h1:Sk40JNJmh0koZukOjJfaBNLZazbZthFfHnLHIcZNS6A=
4d63.com/gochecknoinits v0.0.0-20200108094044-eb73b47b9fc4 h1:bf5qocEKjrY58JO2GwywfLsb1199lIVs7qHkiplwHy0=
4d63.com/gochecknoinits v0.0.0-20200108094044-eb73b47b9fc4/go.mod h1:4o1i5aXtIF5tJFt3UD1knCVmWOXg7fLYdHVu6jeNcnM=
github.com/alejo47/go-twitch-api/authorization v0.0.0-20201103031352-0320722f1ced h1:8YkHvDibrLguDZMkYMKCuP8zZHSglmz0/u7gp90FyHs=
github.com/alejo47/go-twitch-api/authorization v0.0.0-20201103031352-0320722f1ced/go.mod h1:cl52+U2DCR5lH/BmDocmGETbZmAXuR3eIF6PixQo+bc=
github.com/alexkohler/nakedret v1.0.0 h1:S/bzOFhZHYUJp6qPmdXdFHS5nlWGFmLmoc8QOydvotE=
github.com/alexkohler/nakedret v1.0.0/go.mod h1:tfDQbtPt67HhBK/6P0yNktIX7peCxfOp0jO9007DrLE=
github.com/jgautheron/goconst v0.0.0-20200920201509-8f5268ce89d5 h1:LlI/THEqi2n5RNtIIplDTGNCQ6m81r2tem36s7XSxtU=
github.com/jgautheron/goconst v0.0.0-20200920201509-8f5268ce89d5/go.mod h1:82TxjOpWQiPmywlbIaB2ZkqJoSYJdLGPgAJDvM3PbKc=
github.com/kisielk/errcheck v1.4.0 h1:ueN6QYA+c7eDQo7ebpNdYR8mUJZThiGz9PEoJEMGPzA=
github.com/kisielk/errcheck v1.4.0/go.mod h1:z4dIQY6ISlQIhmspoA7UwtTCWP8M9l1mChQuGZrfP/Y=
github.com/mibk/dupl v1.0.0 h1:aZc3jqrF9n0tUHwHt/+jsRxA8cRgA0Gdl56M7W7PoqE=
github.com/mibk/dupl v1.0.0/go.mod h1:pCr4pNxxIbFGvtyCOi0c7LVjmV6duhKWV+ex5vh38ME=
github.com/stripe/safesql v0.2.0 h1:xiefmCDd8c35PVSGrL2FhBiaKxviXnGziBDOpOejeBE=
github.com/stripe/safesql v0.2.0/go.mod h1:q7b2n0JmzM1mVGfcYpanfVb2j23cXZeWFxcILPn3JV4=
honnef.co/go/tools v0.0.1-2020.1.6 h1:W18jzjh8mfPez+AwGLxmOImucz/IFjpNlrKVnaj2YVc=
honnef.co/go/tools v0.0.1-2020.1.6/go.mod h1:rf3lG4BRIbNafJWhAfAdb/ePZxsR/4RtNHQocxwk9r4=
mvdan.cc/interfacer v0.0.0-20180901003855-c20040233aed h1:WX1yoOaKQfddO/mLzdV4wptyWgoH/6hwLs7QHTixo0I=
mvdan.cc/interfacer v0.0.0-20180901003855-c20040233aed/go.mod h1:Xkxe497xwlCKkIaQYRfC7CSLworTXY9RMqwhhCm+8Nc=
mvdan.cc/unparam v0.0.0-20200501210554-b37ab49443f7 h1:kAREL6MPwpsk1/PQPFD3Eg7WAQR5mPTWZJaBiG5LDbY=
mvdan.cc/unparam v0.0.0-20200501210554-b37ab49443f7/go.mod h1:fQgbsl4/RJQVMtbnyZDUh5GJ6uKt5ioPXpaSx7yXtQY=
